// !$*UTF8*$!
{
	archiveVersion = 1;
	classes = {
	};
	objectVersion = 77;
	objects = {

/* Begin PBXContainerItemProxy section */
		677541002CD1691600F8BE7C /* PBXContainerItemProxy */ = {
			isa = PBXContainerItemProxy;
			containerPortal = 677540E52CD1691400F8BE7C /* Project object */;
			proxyType = 1;
			remoteGlobalIDString = 677540EC2CD1691400F8BE7C;
			remoteInfo = IncrementMemo;
		};
		6775410A2CD1691600F8BE7C /* PBXContainerItemProxy */ = {
			isa = PBXContainerItemProxy;
			containerPortal = 677540E52CD1691400F8BE7C /* Project object */;
			proxyType = 1;
			remoteGlobalIDString = 677540EC2CD1691400F8BE7C;
			remoteInfo = IncrementMemo;
		};
/* End PBXContainerItemProxy section */

/* Begin PBXFileReference section */
		677540ED2CD1691400F8BE7C /* IncrementMemo.app */ = {isa = PBXFileReference; explicitFileType = wrapper.application; includeInIndex = 0; path = IncrementMemo.app; sourceTree = BUILT_PRODUCTS_DIR; };
		677540FF2CD1691600F8BE7C /* IncrementMemoTests.xctest */ = {isa = PBXFileReference; explicitFileType = wrapper.cfbundle; includeInIndex = 0; path = IncrementMemoTests.xctest; sourceTree = BUILT_PRODUCTS_DIR; };
		677541092CD1691600F8BE7C /* IncrementMemoUITests.xctest */ = {isa = PBXFileReference; explicitFileType = wrapper.cfbundle; includeInIndex = 0; path = IncrementMemoUITests.xctest; sourceTree = BUILT_PRODUCTS_DIR; };
/* End PBXFileReference section */

/* Begin PBXFileSystemSynchronizedRootGroup section */
		677540EF2CD1691400F8BE7C /* IncrementMemo */ = {
			isa = PBXFileSystemSynchronizedRootGroup;
			path = IncrementMemo;
			sourceTree = "<group>";
		};
		677541022CD1691600F8BE7C /* IncrementMemoTests */ = {
			isa = PBXFileSystemSynchronizedRootGroup;
			path = IncrementMemoTests;
			sourceTree = "<group>";
		};
		6775410C2CD1691600F8BE7C /* IncrementMemoUITests */ = {
			isa = PBXFileSystemSynchronizedRootGroup;
			path = IncrementMemoUITests;
			sourceTree = "<group>";
		};
/* End PBXFileSystemSynchronizedRootGroup section */

/* Begin PBXFrameworksBuildPhase section */
		677540EA2CD1691400F8BE7C /* Frameworks */ = {
			isa = PBXFrameworksBuildPhase;
			buildActionMask = 2147483647;
			files = (
			);
			runOnlyForDeploymentPostprocessing = 0;
		};
		677540FC2CD1691600F8BE7C /* Frameworks */ = {
			isa = PBXFrameworksBuildPhase;
			buildActionMask = 2147483647;
			files = (
			);
			runOnlyForDeploymentPostprocessing = 0;
		};
		677541062CD1691600F8BE7C /* Frameworks */ = {
			isa = PBXFrameworksBuildPhase;
			buildActionMask = 2147483647;
			files = (
			);
			runOnlyForDeploymentPostprocessing = 0;
		};
/* End PBXFrameworksBuildPhase section */

/* Begin PBXGroup section */
		677540E42CD1691400F8BE7C = {
			isa = PBXGroup;
			children = (
				677540EF2CD1691400F8BE7C /* IncrementMemo */,
				677541022CD1691600F8BE7C /* IncrementMemoTests */,
				6775410C2CD1691600F8BE7C /* IncrementMemoUITests */,
				677540EE2CD1691400F8BE7C /* Products */,
			);
			sourceTree = "<group>";
		};
		677540EE2CD1691400F8BE7C /* Products */ = {
			isa = PBXGroup;
			children = (
				677540ED2CD1691400F8BE7C /* IncrementMemo.app */,
				677540FF2CD1691600F8BE7C /* IncrementMemoTests.xctest */,
				677541092CD1691600F8BE7C /* IncrementMemoUITests.xctest */,
			);
			name = Products;
			sourceTree = "<group>";
		};
/* End PBXGroup section */

/* Begin PBXNativeTarget section */
		677540EC2CD1691400F8BE7C /* IncrementMemo */ = {
			isa = PBXNativeTarget;
			buildConfigurationList = 677541132CD1691600F8BE7C /* Build configuration list for PBXNativeTarget "IncrementMemo" */;
			buildPhases = (
				677540E92CD1691400F8BE7C /* Sources */,
				677540EA2CD1691400F8BE7C /* Frameworks */,
				677540EB2CD1691400F8BE7C /* Resources */,
			);
			buildRules = (
			);
			dependencies = (
			);
			fileSystemSynchronizedGroups = (
				677540EF2CD1691400F8BE7C /* IncrementMemo */,
			);
			name = IncrementMemo;
			packageProductDependencies = (
			);
			productName = IncrementMemo;
			productReference = 677540ED2CD1691400F8BE7C /* IncrementMemo.app */;
			productType = "com.apple.product-type.application";
		};
		677540FE2CD1691600F8BE7C /* IncrementMemoTests */ = {
			isa = PBXNativeTarget;
			buildConfigurationList = 677541162CD1691600F8BE7C /* Build configuration list for PBXNativeTarget "IncrementMemoTests" */;
			buildPhases = (
				677540FB2CD1691600F8BE7C /* Sources */,
				677540FC2CD1691600F8BE7C /* Frameworks */,
				677540FD2CD1691600F8BE7C /* Resources */,
			);
			buildRules = (
			);
			dependencies = (
				677541012CD1691600F8BE7C /* PBXTargetDependency */,
			);
			fileSystemSynchronizedGroups = (
				677541022CD1691600F8BE7C /* IncrementMemoTests */,
			);
			name = IncrementMemoTests;
			packageProductDependencies = (
			);
			productName = IncrementMemoTests;
			productReference = 677540FF2CD1691600F8BE7C /* IncrementMemoTests.xctest */;
			productType = "com.apple.product-type.bundle.unit-test";
		};
		677541082CD1691600F8BE7C /* IncrementMemoUITests */ = {
			isa = PBXNativeTarget;
			buildConfigurationList = 677541192CD1691600F8BE7C /* Build configuration list for PBXNativeTarget "IncrementMemoUITests" */;
			buildPhases = (
				677541052CD1691600F8BE7C /* Sources */,
				677541062CD1691600F8BE7C /* Frameworks */,
				677541072CD1691600F8BE7C /* Resources */,
			);
			buildRules = (
			);
			dependencies = (
				6775410B2CD1691600F8BE7C /* PBXTargetDependency */,
			);
			fileSystemSynchronizedGroups = (
				6775410C2CD1691600F8BE7C /* IncrementMemoUITests */,
			);
			name = IncrementMemoUITests;
			packageProductDependencies = (
			);
			productName = IncrementMemoUITests;
			productReference = 677541092CD1691600F8BE7C /* IncrementMemoUITests.xctest */;
			productType = "com.apple.product-type.bundle.ui-testing";
		};
/* End PBXNativeTarget section */

/* Begin PBXProject section */
		677540E52CD1691400F8BE7C /* Project object */ = {
			isa = PBXProject;
			attributes = {
				BuildIndependentTargetsInParallel = 1;
				LastSwiftUpdateCheck = 1600;
				LastUpgradeCheck = 1600;
				TargetAttributes = {
					677540EC2CD1691400F8BE7C = {
						CreatedOnToolsVersion = 16.0;
					};
					677540FE2CD1691600F8BE7C = {
						CreatedOnToolsVersion = 16.0;
						TestTargetID = 677540EC2CD1691400F8BE7C;
					};
					677541082CD1691600F8BE7C = {
						CreatedOnToolsVersion = 16.0;
						TestTargetID = 677540EC2CD1691400F8BE7C;
					};
				};
			};
			buildConfigurationList = 677540E82CD1691400F8BE7C /* Build configuration list for PBXProject "IncrementMemo" */;
			developmentRegion = en;
			hasScannedForEncodings = 0;
			knownRegions = (
				en,
				Base,
			);
			mainGroup = 677540E42CD1691400F8BE7C;
			minimizedProjectReferenceProxies = 1;
			preferredProjectObjectVersion = 77;
			productRefGroup = 677540EE2CD1691400F8BE7C /* Products */;
			projectDirPath = "";
			projectRoot = "";
			targets = (
				677540EC2CD1691400F8BE7C /* IncrementMemo */,
				677540FE2CD1691600F8BE7C /* IncrementMemoTests */,
				677541082CD1691600F8BE7C /* IncrementMemoUITests */,
			);
		};
/* End PBXProject section */

/* Begin PBXResourcesBuildPhase section */
		677540EB2CD1691400F8BE7C /* Resources */ = {
			isa = PBXResourcesBuildPhase;
			buildActionMask = 2147483647;
			files = (
			);
			runOnlyForDeploymentPostprocessing = 0;
		};
		677540FD2CD1691600F8BE7C /* Resources */ = {
			isa = PBXResourcesBuildPhase;
			buildActionMask = 2147483647;
			files = (
			);
			runOnlyForDeploymentPostprocessing = 0;
		};
		677541072CD1691600F8BE7C /* Resources */ = {
			isa = PBXResourcesBuildPhase;
			buildActionMask = 2147483647;
			files = (
			);
			runOnlyForDeploymentPostprocessing = 0;
		};
/* End PBXResourcesBuildPhase section */

/* Begin PBXSourcesBuildPhase section */
		677540E92CD1691400F8BE7C /* Sources */ = {
			isa = PBXSourcesBuildPhase;
			buildActionMask = 2147483647;
			files = (
			);
			runOnlyForDeploymentPostprocessing = 0;
		};
		677540FB2CD1691600F8BE7C /* Sources */ = {
			isa = PBXSourcesBuildPhase;
			buildActionMask = 2147483647;
			files = (
			);
			runOnlyForDeploymentPostprocessing = 0;
		};
		677541052CD1691600F8BE7C /* Sources */ = {
			isa = PBXSourcesBuildPhase;
			buildActionMask = 2147483647;
			files = (
			);
			runOnlyForDeploymentPostprocessing = 0;
		};
/* End PBXSourcesBuildPhase section */

/* Begin PBXTargetDependency section */
		677541012CD1691600F8BE7C /* PBXTargetDependency */ = {
			isa = PBXTargetDependency;
			target = 677540EC2CD1691400F8BE7C /* IncrementMemo */;
			targetProxy = 677541002CD1691600F8BE7C /* PBXContainerItemProxy */;
		};
		6775410B2CD1691600F8BE7C /* PBXTargetDependency */ = {
			isa = PBXTargetDependency;
			target = 677540EC2CD1691400F8BE7C /* IncrementMemo */;
			targetProxy = 6775410A2CD1691600F8BE7C /* PBXContainerItemProxy */;
		};
/* End PBXTargetDependency section */

/* Begin XCBuildConfiguration section */
		677541112CD1691600F8BE7C /* Debug */ = {
			isa = XCBuildConfiguration;
			buildSettings = {
				ALWAYS_SEARCH_USER_PATHS = NO;
				ASSETCATALOG_COMPILER_GENERATE_SWIFT_ASSET_SYMBOL_EXTENSIONS = YES;
				CLANG_ANALYZER_NONNULL = YES;
				CLANG_ANALYZER_NUMBER_OBJECT_CONVERSION = YES_AGGRESSIVE;
				CLANG_CXX_LANGUAGE_STANDARD = "gnu++20";
				CLANG_ENABLE_MODULES = YES;
				CLANG_ENABLE_OBJC_ARC = YES;
				CLANG_ENABLE_OBJC_WEAK = YES;
				CLANG_WARN_BLOCK_CAPTURE_AUTORELEASING = YES;
				CLANG_WARN_BOOL_CONVERSION = YES;
				CLANG_WARN_COMMA = YES;
				CLANG_WARN_CONSTANT_CONVERSION = YES;
				CLANG_WARN_DEPRECATED_OBJC_IMPLEMENTATIONS = YES;
				CLANG_WARN_DIRECT_OBJC_ISA_USAGE = YES_ERROR;
				CLANG_WARN_DOCUMENTATION_COMMENTS = YES;
				CLANG_WARN_EMPTY_BODY = YES;
				CLANG_WARN_ENUM_CONVERSION = YES;
				CLANG_WARN_INFINITE_RECURSION = YES;
				CLANG_WARN_INT_CONVERSION = YES;
				CLANG_WARN_NON_LITERAL_NULL_CONVERSION = YES;
				CLANG_WARN_OBJC_IMPLICIT_RETAIN_SELF = YES;
				CLANG_WARN_OBJC_LITERAL_CONVERSION = YES;
				CLANG_WARN_OBJC_ROOT_CLASS = YES_ERROR;
				CLANG_WARN_QUOTED_INCLUDE_IN_FRAMEWORK_HEADER = YES;
				CLANG_WARN_RANGE_LOOP_ANALYSIS = YES;
				CLANG_WARN_STRICT_PROTOTYPES = YES;
				CLANG_WARN_SUSPICIOUS_MOVE = YES;
				CLANG_WARN_UNGUARDED_AVAILABILITY = YES_AGGRESSIVE;
				CLANG_WARN_UNREACHABLE_CODE = YES;
				CLANG_WARN__DUPLICATE_METHOD_MATCH = YES;
				COPY_PHASE_STRIP = NO;
				DEBUG_INFORMATION_FORMAT = dwarf;
				ENABLE_STRICT_OBJC_MSGSEND = YES;
				ENABLE_TESTABILITY = YES;
				ENABLE_USER_SCRIPT_SANDBOXING = YES;
				GCC_C_LANGUAGE_STANDARD = gnu17;
				GCC_DYNAMIC_NO_PIC = NO;
				GCC_NO_COMMON_BLOCKS = YES;
				GCC_OPTIMIZATION_LEVEL = 0;
				GCC_PREPROCESSOR_DEFINITIONS = (
					"DEBUG=1",
					"$(inherited)",
				);
				GCC_WARN_64_TO_32_BIT_CONVERSION = YES;
				GCC_WARN_ABOUT_RETURN_TYPE = YES_ERROR;
				GCC_WARN_UNDECLARED_SELECTOR = YES;
				GCC_WARN_UNINITIALIZED_AUTOS = YES_AGGRESSIVE;
				GCC_WARN_UNUSED_FUNCTION = YES;
				GCC_WARN_UNUSED_VARIABLE = YES;
				IPHONEOS_DEPLOYMENT_TARGET = 18.0;
				LOCALIZATION_PREFERS_STRING_CATALOGS = YES;
				MTL_ENABLE_DEBUG_INFO = INCLUDE_SOURCE;
				MTL_FAST_MATH = YES;
				ONLY_ACTIVE_ARCH = YES;
				SDKROOT = iphoneos;
				SWIFT_ACTIVE_COMPILATION_CONDITIONS = "DEBUG $(inherited)";
				SWIFT_OPTIMIZATION_LEVEL = "-Onone";
			};
			name = Debug;
		};
		677541122CD1691600F8BE7C /* Release */ = {
			isa = XCBuildConfiguration;
			buildSettings = {
				ALWAYS_SEARCH_USER_PATHS = NO;
				ASSETCATALOG_COMPILER_GENERATE_SWIFT_ASSET_SYMBOL_EXTENSIONS = YES;
				CLANG_ANALYZER_NONNULL = YES;
				CLANG_ANALYZER_NUMBER_OBJECT_CONVERSION = YES_AGGRESSIVE;
				CLANG_CXX_LANGUAGE_STANDARD = "gnu++20";
				CLANG_ENABLE_MODULES = YES;
				CLANG_ENABLE_OBJC_ARC = YES;
				CLANG_ENABLE_OBJC_WEAK = YES;
				CLANG_WARN_BLOCK_CAPTURE_AUTORELEASING = YES;
				CLANG_WARN_BOOL_CONVERSION = YES;
				CLANG_WARN_COMMA = YES;
				CLANG_WARN_CONSTANT_CONVERSION = YES;
				CLANG_WARN_DEPRECATED_OBJC_IMPLEMENTATIONS = YES;
				CLANG_WARN_DIRECT_OBJC_ISA_USAGE = YES_ERROR;
				CLANG_WARN_DOCUMENTATION_COMMENTS = YES;
				CLANG_WARN_EMPTY_BODY = YES;
				CLANG_WARN_ENUM_CONVERSION = YES;
				CLANG_WARN_INFINITE_RECURSION = YES;
				CLANG_WARN_INT_CONVERSION = YES;
				CLANG_WARN_NON_LITERAL_NULL_CONVERSION = YES;
				CLANG_WARN_OBJC_IMPLICIT_RETAIN_SELF = YES;
				CLANG_WARN_OBJC_LITERAL_CONVERSION = YES;
				CLANG_WARN_OBJC_ROOT_CLASS = YES_ERROR;
				CLANG_WARN_QUOTED_INCLUDE_IN_FRAMEWORK_HEADER = YES;
				CLANG_WARN_RANGE_LOOP_ANALYSIS = YES;
				CLANG_WARN_STRICT_PROTOTYPES = YES;
				CLANG_WARN_SUSPICIOUS_MOVE = YES;
				CLANG_WARN_UNGUARDED_AVAILABILITY = YES_AGGRESSIVE;
				CLANG_WARN_UNREACHABLE_CODE = YES;
				CLANG_WARN__DUPLICATE_METHOD_MATCH = YES;
				COPY_PHASE_STRIP = NO;
				DEBUG_INFORMATION_FORMAT = "dwarf-with-dsym";
				ENABLE_NS_ASSERTIONS = NO;
				ENABLE_STRICT_OBJC_MSGSEND = YES;
				ENABLE_USER_SCRIPT_SANDBOXING = YES;
				GCC_C_LANGUAGE_STANDARD = gnu17;
				GCC_NO_COMMON_BLOCKS = YES;
				GCC_WARN_64_TO_32_BIT_CONVERSION = YES;
				GCC_WARN_ABOUT_RETURN_TYPE = YES_ERROR;
				GCC_WARN_UNDECLARED_SELECTOR = YES;
				GCC_WARN_UNINITIALIZED_AUTOS = YES_AGGRESSIVE;
				GCC_WARN_UNUSED_FUNCTION = YES;
				GCC_WARN_UNUSED_VARIABLE = YES;
				IPHONEOS_DEPLOYMENT_TARGET = 18.0;
				LOCALIZATION_PREFERS_STRING_CATALOGS = YES;
				MTL_ENABLE_DEBUG_INFO = NO;
				MTL_FAST_MATH = YES;
				SDKROOT = iphoneos;
				SWIFT_COMPILATION_MODE = wholemodule;
				VALIDATE_PRODUCT = YES;
			};
			name = Release;
		};
		677541142CD1691600F8BE7C /* Debug */ = {
			isa = XCBuildConfiguration;
			buildSettings = {
				ASSETCATALOG_COMPILER_APPICON_NAME = AppIcon;
				ASSETCATALOG_COMPILER_GLOBAL_ACCENT_COLOR_NAME = AccentColor;
				CODE_SIGN_STYLE = Automatic;
				CURRENT_PROJECT_VERSION = 1;
				DEVELOPMENT_ASSET_PATHS = "\"IncrementMemo/Preview Content\"";
				DEVELOPMENT_TEAM = D2B3JPR4TJ;
				ENABLE_PREVIEWS = YES;
				GENERATE_INFOPLIST_FILE = YES;
				INFOPLIST_KEY_UIApplicationSceneManifest_Generation = YES;
				INFOPLIST_KEY_UIApplicationSupportsIndirectInputEvents = YES;
				INFOPLIST_KEY_UILaunchScreen_Generation = YES;
				INFOPLIST_KEY_UISupportedInterfaceOrientations_iPad = "UIInterfaceOrientationPortrait UIInterfaceOrientationPortraitUpsideDown UIInterfaceOrientationLandscapeLeft UIInterfaceOrientationLandscapeRight";
				INFOPLIST_KEY_UISupportedInterfaceOrientations_iPhone = "UIInterfaceOrientationPortrait UIInterfaceOrientationLandscapeLeft UIInterfaceOrientationLandscapeRight";
				LD_RUNPATH_SEARCH_PATHS = (
					"$(inherited)",
					"@executable_path/Frameworks",
				);
				MARKETING_VERSION = 1.0;
				PRODUCT_BUNDLE_IDENTIFIER = kei.IncrementMemo;
				PRODUCT_NAME = "$(TARGET_NAME)";
				SWIFT_EMIT_LOC_STRINGS = YES;
				SWIFT_VERSION = 5.0;
				TARGETED_DEVICE_FAMILY = "1,2";
			};
			name = Debug;
		};
		677541152CD1691600F8BE7C /* Release */ = {
			isa = XCBuildConfiguration;
			buildSettings = {
				ASSETCATALOG_COMPILER_APPICON_NAME = AppIcon;
				ASSETCATALOG_COMPILER_GLOBAL_ACCENT_COLOR_NAME = AccentColor;
				CODE_SIGN_STYLE = Automatic;
				CURRENT_PROJECT_VERSION = 1;
				DEVELOPMENT_ASSET_PATHS = "\"IncrementMemo/Preview Content\"";
				DEVELOPMENT_TEAM = D2B3JPR4TJ;
				ENABLE_PREVIEWS = YES;
				GENERATE_INFOPLIST_FILE = YES;
				INFOPLIST_KEY_UIApplicationSceneManifest_Generation = YES;
				INFOPLIST_KEY_UIApplicationSupportsIndirectInputEvents = YES;
				INFOPLIST_KEY_UILaunchScreen_Generation = YES;
				INFOPLIST_KEY_UISupportedInterfaceOrientations_iPad = "UIInterfaceOrientationPortrait UIInterfaceOrientationPortraitUpsideDown UIInterfaceOrientationLandscapeLeft UIInterfaceOrientationLandscapeRight";
				INFOPLIST_KEY_UISupportedInterfaceOrientations_iPhone = "UIInterfaceOrientationPortrait UIInterfaceOrientationLandscapeLeft UIInterfaceOrientationLandscapeRight";
				LD_RUNPATH_SEARCH_PATHS = (
					"$(inherited)",
					"@executable_path/Frameworks",
				);
				MARKETING_VERSION = 1.0;
				PRODUCT_BUNDLE_IDENTIFIER = kei.IncrementMemo;
				PRODUCT_NAME = "$(TARGET_NAME)";
				SWIFT_EMIT_LOC_STRINGS = YES;
				SWIFT_VERSION = 5.0;
				TARGETED_DEVICE_FAMILY = "1,2";
			};
			name = Release;
		};
		677541172CD1691600F8BE7C /* Debug */ = {
			isa = XCBuildConfiguration;
			buildSettings = {
				BUNDLE_LOADER = "$(TEST_HOST)";
				CODE_SIGN_STYLE = Automatic;
				CURRENT_PROJECT_VERSION = 1;
				DEVELOPMENT_TEAM = D2B3JPR4TJ;
				GENERATE_INFOPLIST_FILE = YES;
				IPHONEOS_DEPLOYMENT_TARGET = 18.0;
				MARKETING_VERSION = 1.0;
				PRODUCT_BUNDLE_IDENTIFIER = kei.IncrementMemoTests;
				PRODUCT_NAME = "$(TARGET_NAME)";
				SWIFT_EMIT_LOC_STRINGS = NO;
				SWIFT_VERSION = 5.0;
				TARGETED_DEVICE_FAMILY = "1,2";
				TEST_HOST = "$(BUILT_PRODUCTS_DIR)/IncrementMemo.app/$(BUNDLE_EXECUTABLE_FOLDER_PATH)/IncrementMemo";
			};
			name = Debug;
		};
		677541182CD1691600F8BE7C /* Release */ = {
			isa = XCBuildConfiguration;
			buildSettings = {
				BUNDLE_LOADER = "$(TEST_HOST)";
				CODE_SIGN_STYLE = Automatic;
				CURRENT_PROJECT_VERSION = 1;
				DEVELOPMENT_TEAM = D2B3JPR4TJ;
				GENERATE_INFOPLIST_FILE = YES;
				IPHONEOS_DEPLOYMENT_TARGET = 18.0;
				MARKETING_VERSION = 1.0;
				PRODUCT_BUNDLE_IDENTIFIER = kei.IncrementMemoTests;
				PRODUCT_NAME = "$(TARGET_NAME)";
				SWIFT_EMIT_LOC_STRINGS = NO;
				SWIFT_VERSION = 5.0;
				TARGETED_DEVICE_FAMILY = "1,2";
				TEST_HOST = "$(BUILT_PRODUCTS_DIR)/IncrementMemo.app/$(BUNDLE_EXECUTABLE_FOLDER_PATH)/IncrementMemo";
			};
			name = Release;
		};
		6775411A2CD1691600F8BE7C /* Debug */ = {
			isa = XCBuildConfiguration;
			buildSettings = {
				CODE_SIGN_STYLE = Automatic;
				CURRENT_PROJECT_VERSION = 1;
				DEVELOPMENT_TEAM = D2B3JPR4TJ;
				GENERATE_INFOPLIST_FILE = YES;
				MARKETING_VERSION = 1.0;
				PRODUCT_BUNDLE_IDENTIFIER = kei.IncrementMemoUITests;
				PRODUCT_NAME = "$(TARGET_NAME)";
				SWIFT_EMIT_LOC_STRINGS = NO;
				SWIFT_VERSION = 5.0;
				TARGETED_DEVICE_FAMILY = "1,2";
				TEST_TARGET_NAME = IncrementMemo;
			};
			name = Debug;
		};
		6775411B2CD1691600F8BE7C /* Release */ = {
			isa = XCBuildConfiguration;
			buildSettings = {
				CODE_SIGN_STYLE = Automatic;
				CURRENT_PROJECT_VERSION = 1;
				DEVELOPMENT_TEAM = D2B3JPR4TJ;
				GENERATE_INFOPLIST_FILE = YES;
				MARKETING_VERSION = 1.0;
				PRODUCT_BUNDLE_IDENTIFIER = kei.IncrementMemoUITests;
				PRODUCT_NAME = "$(TARGET_NAME)";
				SWIFT_EMIT_LOC_STRINGS = NO;
				SWIFT_VERSION = 5.0;
				TARGETED_DEVICE_FAMILY = "1,2";
				TEST_TARGET_NAME = IncrementMemo;
			};
			name = Release;
		};
/* End XCBuildConfiguration section */

/* Begin XCConfigurationList section */
		677540E82CD1691400F8BE7C /* Build configuration list for PBXProject "IncrementMemo" */ = {
			isa = XCConfigurationList;
			buildConfigurations = (
				677541112CD1691600F8BE7C /* Debug */,
				677541122CD1691600F8BE7C /* Release */,
			);
			defaultConfigurationIsVisible = 0;
			defaultConfigurationName = Release;
		};
		677541132CD1691600F8BE7C /* Build configuration list for PBXNativeTarget "IncrementMemo" */ = {
			isa = XCConfigurationList;
			buildConfigurations = (
				677541142CD1691600F8BE7C /* Debug */,
				677541152CD1691600F8BE7C /* Release */,
			);
			defaultConfigurationIsVisible = 0;
			defaultConfigurationName = Release;
		};
		677541162CD1691600F8BE7C /* Build configuration list for PBXNativeTarget "IncrementMemoTests" */ = {
			isa = XCConfigurationList;
			buildConfigurations = (
				677541172CD1691600F8BE7C /* Debug */,
				677541182CD1691600F8BE7C /* Release */,
			);
			defaultConfigurationIsVisible = 0;
			defaultConfigurationName = Release;
		};
		677541192CD1691600F8BE7C /* Build configuration list for PBXNativeTarget "IncrementMemoUITests" */ = {
			isa = XCConfigurationList;
			buildConfigurations = (
				6775411A2CD1691600F8BE7C /* Debug */,
				6775411B2CD1691600F8BE7C /* Release */,
			);
			defaultConfigurationIsVisible = 0;
			defaultConfigurationName = Release;
		};
/* End XCConfigurationList section */
	};
	rootObject = 677540E52CD1691400F8BE7C /* Project object */;
}
